dependencies:
  espressif/cmake_utilities:
    component_hash: 351350613ceafba240b761b4ea991e0f231ac7a9f59a9ee901f751bddc0bb18f
    dependencies:
    - name: idf
      require: private
      version: '>=4.1'
    source:
      registry_url: https://components.espressif.com
      type: service
    version: 0.5.3
  espressif/esp_cam_sensor:
    component_hash: ba468e486fc68792639b9bc522d1405195c2148af54311b39d94eec096267db7
    dependencies:
    - name: espressif/cmake_utilities
      registry_url: https://components.espressif.com
      require: private
      version: 0.*
    - name: espressif/esp_sccb_intf
      registry_url: https://components.espressif.com
      require: private
      version: '>=0.0.2'
    - name: idf
      require: private
      version: '>=5.3'
    source:
      registry_url: https://components.espressif.com/
      type: service
    targets:
    - esp32p4
    version: 0.6.1
  espressif/esp_sccb_intf:
    component_hash: 71e3def402f6193a23c599bdde4fa0b544ca2b1f63608b6d0ec2bee3cd9a1c33
    dependencies:
    - name: idf
      require: private
      version: '>=5.3'
    source:
      registry_url: https://components.espressif.com
      type: service
    version: 0.0.5
  idf:
    source:
      type: idf
    version: 5.5.0
  sensor_init:
    dependencies:
    - name: espressif/esp_cam_sensor
      version: ^0.6.1
    - name: idf
      version: '>=5.3.0'
    source:
      path: D:\ESP-IDF-projects\DroneCam\common_components\sensor_init
      type: local
    version: '*'
direct_dependencies:
- idf
- sensor_init
manifest_hash: 854cc5522635ce517d03f74f4ae2ed3b2649bc1adc4711c483de0cff3208185c
target: esp32p4
version: 2.0.0
